
Microsoft Visual Studio Solution File, Format Version 12.00
# Visual Studio 15
VisualStudioVersion = 15.0.27428.2037
MinimumVisualStudioVersion = 10.0.40219.1
Project("{8BC9CEB8-8B4A-11D0-8D11-00A0C91BC942}") = "AlberoOrdinatoAlfabeticamente", "AlberoOrdinatoAlfabeticamente.vcxproj", "{E972E02C-2CE9-4DC3-842D-70EC4F310383}"
EndProject
Global
	GlobalSection(SolutionConfigurationPlatforms) = preSolution
		Debug|x64 = Debug|x64
		Debug|x86 = Debug|x86
		Release|x64 = Release|x64
		Release|x86 = Release|x86
	EndGlobalSection
	GlobalSection(ProjectConfigurationPlatforms) = postSolution
		{E972E02C-2CE9-4DC3-842D-70EC4F310383}.Debug|x64.ActiveCfg = Debug|x64
		{E972E02C-2CE9-4DC3-842D-70EC4F310383}.Debug|x64.Build.0 = Debug|x64
		{E972E02C-2CE9-4DC3-842D-70EC4F310383}.Debug|x86.ActiveCfg = Debug|Win32
		{E972E02C-2CE9-4DC3-842D-70EC4F310383}.Debug|x86.Build.0 = Debug|Win32
		{E972E02C-2CE9-4DC3-842D-70EC4F310383}.Release|x64.ActiveCfg = Release|x64
		{E972E02C-2CE9-4DC3-842D-70EC4F310383}.Release|x64.Build.0 = Release|x64
		{E972E02C-2CE9-4DC3-842D-70EC4F310383}.Release|x86.ActiveCfg = Release|Win32
		{E972E02C-2CE9-4DC3-842D-70EC4F310383}.Release|x86.Build.0 = Release|Win32
	EndGlobalSection
	GlobalSection(SolutionProperties) = preSolution
		HideSolutionNode = FALSE
	EndGlobalSection
	GlobalSection(ExtensibilityGlobals) = postSolution
		SolutionGuid = {506121A8-868E-4F6A-88EA-09E5CA3F5378}
	EndGlobalSection
EndGlobal
