
Microsoft Visual Studio Solution File, Format Version 12.00
# Visual Studio 15
VisualStudioVersion = 15.0.27428.2037
MinimumVisualStudioVersion = 10.0.40219.1
Project("{8BC9CEB8-8B4A-11D0-8D11-00A0C91BC942}") = "ProvaListe", "ProvaListe.vcxproj", "{D9FFBEB1-8595-4269-8144-542AC1670B4A}"
EndProject
Global
	GlobalSection(SolutionConfigurationPlatforms) = preSolution
		Debug|x64 = Debug|x64
		Debug|x86 = Debug|x86
		Release|x64 = Release|x64
		Release|x86 = Release|x86
	EndGlobalSection
	GlobalSection(ProjectConfigurationPlatforms) = postSolution
		{D9FFBEB1-8595-4269-8144-542AC1670B4A}.Debug|x64.ActiveCfg = Debug|x64
		{D9FFBEB1-8595-4269-8144-542AC1670B4A}.Debug|x64.Build.0 = Debug|x64
		{D9FFBEB1-8595-4269-8144-542AC1670B4A}.Debug|x86.ActiveCfg = Debug|Win32
		{D9FFBEB1-8595-4269-8144-542AC1670B4A}.Debug|x86.Build.0 = Debug|Win32
		{D9FFBEB1-8595-4269-8144-542AC1670B4A}.Release|x64.ActiveCfg = Release|x64
		{D9FFBEB1-8595-4269-8144-542AC1670B4A}.Release|x64.Build.0 = Release|x64
		{D9FFBEB1-8595-4269-8144-542AC1670B4A}.Release|x86.ActiveCfg = Release|Win32
		{D9FFBEB1-8595-4269-8144-542AC1670B4A}.Release|x86.Build.0 = Release|Win32
	EndGlobalSection
	GlobalSection(SolutionProperties) = preSolution
		HideSolutionNode = FALSE
	EndGlobalSection
	GlobalSection(ExtensibilityGlobals) = postSolution
		SolutionGuid = {C7DE42F1-3F68-4473-AE98-3EF5D6F3E580}
	EndGlobalSection
EndGlobal
